
Microsoft Visual Studio Solution File, Format Version 12.00
# Visual Studio Version 17
VisualStudioVersion = 17.2.32516.85
MinimumVisualStudioVersion = 10.0.40219.1
Project("{FAE04EC0-301F-11D3-BF4B-00C04F79EFBC}") = "KataCSharp", "KataCSharp\KataCSharp.csproj", "{0749BA33-25ED-477D-A16E-A75A43639DC0}"
EndProject
Global
	GlobalSection(SolutionConfigurationPlatforms) = preSolution
		Debug|Any CPU = Debug|Any CPU
		Release|Any CPU = Release|Any CPU
	EndGlobalSection
	GlobalSection(ProjectConfigurationPlatforms) = postSolution
		{0749BA33-25ED-477D-A16E-A75A43639DC0}.Debug|Any CPU.ActiveCfg = Debug|Any CPU
		{0749BA33-25ED-477D-A16E-A75A43639DC0}.Debug|Any CPU.Build.0 = Debug|Any CPU
		{0749BA33-25ED-477D-A16E-A75A43639DC0}.Release|Any CPU.ActiveCfg = Release|Any CPU
		{0749BA33-25ED-477D-A16E-A75A43639DC0}.Release|Any CPU.Build.0 = Release|Any CPU
	EndGlobalSection
	GlobalSection(SolutionProperties) = preSolution
		HideSolutionNode = FALSE
	EndGlobalSection
	GlobalSection(ExtensibilityGlobals) = postSolution
		SolutionGuid = {E781BD98-F0CE-4CD8-A556-C482B382B0F5}
	EndGlobalSection
EndGlobal
